
Microsoft Visual Studio Solution File, Format Version 12.00
# Visual Studio Version 16
VisualStudioVersion = 25.0.1706.5
MinimumVisualStudioVersion = 10.0.40219.1
Project("{FAE04EC0-301F-11D3-BF4B-00C04F79EFBC}") = "LandManager", "LandManager\LandManager.csproj", "{E001D788-1158-48B1-B61D-DC94C24DFEDA}"
EndProject
Project("{FAE04EC0-301F-11D3-BF4B-00C04F79EFBC}") = "LandManager.Core", "LandManager.Core\LandManager.Core.csproj", "{A6ECA363-A09F-4A64-93FB-FBE3EBD40E09}"
EndProject
Project("{FAE04EC0-301F-11D3-BF4B-00C04F79EFBC}") = "LandManager.Data", "LandManager.Data\LandManager.Data.csproj", "{827F948B-44F6-4836-BC67-05235B2D2A27}"
EndProject
Project("{FAE04EC0-301F-11D3-BF4B-00C04F79EFBC}") = "LandManager.Service", "LandManager.Service\LandManager.Service.csproj", "{A4270250-A05E-4B6E-A66D-45A9262AD2D3}"
EndProject
Project("{FAE04EC0-301F-11D3-BF4B-00C04F79EFBC}") = "LandManager.Models", "LandManager.Models\LandManager.Models.csproj", "{290CA853-7DDB-41E3-BA92-510CEB7A019E}"
EndProject
Global
	GlobalSection(SolutionConfigurationPlatforms) = preSolution
		Debug|Any CPU = Debug|Any CPU
		Release|Any CPU = Release|Any CPU
	EndGlobalSection
	GlobalSection(ProjectConfigurationPlatforms) = postSolution
		{E001D788-1158-48B1-B61D-DC94C24DFEDA}.Debug|Any CPU.ActiveCfg = Debug|Any CPU
		{E001D788-1158-48B1-B61D-DC94C24DFEDA}.Debug|Any CPU.Build.0 = Debug|Any CPU
		{E001D788-1158-48B1-B61D-DC94C24DFEDA}.Release|Any CPU.ActiveCfg = Release|Any CPU
		{E001D788-1158-48B1-B61D-DC94C24DFEDA}.Release|Any CPU.Build.0 = Release|Any CPU
		{A6ECA363-A09F-4A64-93FB-FBE3EBD40E09}.Debug|Any CPU.ActiveCfg = Debug|Any CPU
		{A6ECA363-A09F-4A64-93FB-FBE3EBD40E09}.Debug|Any CPU.Build.0 = Debug|Any CPU
		{A6ECA363-A09F-4A64-93FB-FBE3EBD40E09}.Release|Any CPU.ActiveCfg = Release|Any CPU
		{A6ECA363-A09F-4A64-93FB-FBE3EBD40E09}.Release|Any CPU.Build.0 = Release|Any CPU
		{827F948B-44F6-4836-BC67-05235B2D2A27}.Debug|Any CPU.ActiveCfg = Debug|Any CPU
		{827F948B-44F6-4836-BC67-05235B2D2A27}.Debug|Any CPU.Build.0 = Debug|Any CPU
		{827F948B-44F6-4836-BC67-05235B2D2A27}.Release|Any CPU.ActiveCfg = Release|Any CPU
		{827F948B-44F6-4836-BC67-05235B2D2A27}.Release|Any CPU.Build.0 = Release|Any CPU
		{A4270250-A05E-4B6E-A66D-45A9262AD2D3}.Debug|Any CPU.ActiveCfg = Debug|Any CPU
		{A4270250-A05E-4B6E-A66D-45A9262AD2D3}.Debug|Any CPU.Build.0 = Debug|Any CPU
		{A4270250-A05E-4B6E-A66D-45A9262AD2D3}.Release|Any CPU.ActiveCfg = Release|Any CPU
		{A4270250-A05E-4B6E-A66D-45A9262AD2D3}.Release|Any CPU.Build.0 = Release|Any CPU
		{290CA853-7DDB-41E3-BA92-510CEB7A019E}.Debug|Any CPU.ActiveCfg = Debug|Any CPU
		{290CA853-7DDB-41E3-BA92-510CEB7A019E}.Debug|Any CPU.Build.0 = Debug|Any CPU
		{290CA853-7DDB-41E3-BA92-510CEB7A019E}.Release|Any CPU.ActiveCfg = Release|Any CPU
		{290CA853-7DDB-41E3-BA92-510CEB7A019E}.Release|Any CPU.Build.0 = Release|Any CPU
	EndGlobalSection
	GlobalSection(SolutionProperties) = preSolution
		HideSolutionNode = FALSE
	EndGlobalSection
	GlobalSection(ExtensibilityGlobals) = postSolution
		SolutionGuid = {0E9C5C60-962C-4A93-A603-4321A7BD4379}
	EndGlobalSection
EndGlobal
